{
  "name": "internet-performance-exporter",
  "version": "0.1.0",
  "lockfileVersion": 3,
  "requires": true,
  "packages": {
    "": {
      "name": "internet-performance-exporter",
      "version": "0.1.0",
      "dependencies": {
        "@cloudflare/speedtest": "1.14.0"
      },
      "engines": {
        "node": ">=22"
      }
    },
    "node_modules/@cloudflare/speedtest": {
      "version": "1.14.0",
      "resolved": "https://registry.npmjs.org/@cloudflare/speedtest/-/speedtest-1.14.0.tgz",
      "integrity": "sha512-cBx5TUNvb4LeGoFTyUo0KSFtU9WptqhPghAZFZZoGlKlsD87EVTgGsPj87E0/iR4mcM0eoPuRl5DrqVVPb7HSQ==",
      "license": "MIT",
      "engines": {
        "node": ">=18"
      }
    }
  }
}
